
Microsoft Visual Studio Solution File, Format Version 12.00
# Visual Studio 15
VisualStudioVersion = 15.0.26730.8
MinimumVisualStudioVersion = 10.0.40219.1
Project("{8BC9CEB8-8B4A-11D0-8D11-00A0C91BC942}") = "二叉树的最大节点", "二叉树的最大节点\二叉树的最大节点.vcxproj", "{C8F0FD1C-859B-4443-9825-19B1EDAF7A11}"
EndProject
Global
	GlobalSection(SolutionConfigurationPlatforms) = preSolution
		Debug|x64 = Debug|x64
		Debug|x86 = Debug|x86
		Release|x64 = Release|x64
		Release|x86 = Release|x86
	EndGlobalSection
	GlobalSection(ProjectConfigurationPlatforms) = postSolution
		{C8F0FD1C-859B-4443-9825-19B1EDAF7A11}.Debug|x64.ActiveCfg = Debug|x64
		{C8F0FD1C-859B-4443-9825-19B1EDAF7A11}.Debug|x64.Build.0 = Debug|x64
		{C8F0FD1C-859B-4443-9825-19B1EDAF7A11}.Debug|x86.ActiveCfg = Debug|Win32
		{C8F0FD1C-859B-4443-9825-19B1EDAF7A11}.Debug|x86.Build.0 = Debug|Win32
		{C8F0FD1C-859B-4443-9825-19B1EDAF7A11}.Release|x64.ActiveCfg = Release|x64
		{C8F0FD1C-859B-4443-9825-19B1EDAF7A11}.Release|x64.Build.0 = Release|x64
		{C8F0FD1C-859B-4443-9825-19B1EDAF7A11}.Release|x86.ActiveCfg = Release|Win32
		{C8F0FD1C-859B-4443-9825-19B1EDAF7A11}.Release|x86.Build.0 = Release|Win32
	EndGlobalSection
	GlobalSection(SolutionProperties) = preSolution
		HideSolutionNode = FALSE
	EndGlobalSection
	GlobalSection(ExtensibilityGlobals) = postSolution
		SolutionGuid = {139FFAFB-14DE-4DD1-987D-3ABF6FD225D6}
	EndGlobalSection
EndGlobal
