
Microsoft Visual Studio Solution File, Format Version 12.00
# Visual Studio 15
VisualStudioVersion = 15.0.26730.8
MinimumVisualStudioVersion = 10.0.40219.1
Project("{8BC9CEB8-8B4A-11D0-8D11-00A0C91BC942}") = "移动零-动态数组", "移动零-动态数组\移动零-动态数组.vcxproj", "{A9A7B63E-421A-4BA6-816C-0B387C24FC34}"
EndProject
Global
	GlobalSection(SolutionConfigurationPlatforms) = preSolution
		Debug|x64 = Debug|x64
		Debug|x86 = Debug|x86
		Release|x64 = Release|x64
		Release|x86 = Release|x86
	EndGlobalSection
	GlobalSection(ProjectConfigurationPlatforms) = postSolution
		{A9A7B63E-421A-4BA6-816C-0B387C24FC34}.Debug|x64.ActiveCfg = Debug|x64
		{A9A7B63E-421A-4BA6-816C-0B387C24FC34}.Debug|x64.Build.0 = Debug|x64
		{A9A7B63E-421A-4BA6-816C-0B387C24FC34}.Debug|x86.ActiveCfg = Debug|Win32
		{A9A7B63E-421A-4BA6-816C-0B387C24FC34}.Debug|x86.Build.0 = Debug|Win32
		{A9A7B63E-421A-4BA6-816C-0B387C24FC34}.Release|x64.ActiveCfg = Release|x64
		{A9A7B63E-421A-4BA6-816C-0B387C24FC34}.Release|x64.Build.0 = Release|x64
		{A9A7B63E-421A-4BA6-816C-0B387C24FC34}.Release|x86.ActiveCfg = Release|Win32
		{A9A7B63E-421A-4BA6-816C-0B387C24FC34}.Release|x86.Build.0 = Release|Win32
	EndGlobalSection
	GlobalSection(SolutionProperties) = preSolution
		HideSolutionNode = FALSE
	EndGlobalSection
	GlobalSection(ExtensibilityGlobals) = postSolution
		SolutionGuid = {DE3DD96C-797D-4FC0-ABFB-772612BEF523}
	EndGlobalSection
EndGlobal
