
Microsoft Visual Studio Solution File, Format Version 12.00
# Visual Studio 15
VisualStudioVersion = 15.0.26730.8
MinimumVisualStudioVersion = 10.0.40219.1
Project("{8BC9CEB8-8B4A-11D0-8D11-00A0C91BC942}") = "最长字符串", "最长字符串\最长字符串.vcxproj", "{53FCB697-98C8-4EBA-8DD3-D98E500E1507}"
EndProject
Global
	GlobalSection(SolutionConfigurationPlatforms) = preSolution
		Debug|x64 = Debug|x64
		Debug|x86 = Debug|x86
		Release|x64 = Release|x64
		Release|x86 = Release|x86
	EndGlobalSection
	GlobalSection(ProjectConfigurationPlatforms) = postSolution
		{53FCB697-98C8-4EBA-8DD3-D98E500E1507}.Debug|x64.ActiveCfg = Debug|x64
		{53FCB697-98C8-4EBA-8DD3-D98E500E1507}.Debug|x64.Build.0 = Debug|x64
		{53FCB697-98C8-4EBA-8DD3-D98E500E1507}.Debug|x86.ActiveCfg = Debug|Win32
		{53FCB697-98C8-4EBA-8DD3-D98E500E1507}.Debug|x86.Build.0 = Debug|Win32
		{53FCB697-98C8-4EBA-8DD3-D98E500E1507}.Release|x64.ActiveCfg = Release|x64
		{53FCB697-98C8-4EBA-8DD3-D98E500E1507}.Release|x64.Build.0 = Release|x64
		{53FCB697-98C8-4EBA-8DD3-D98E500E1507}.Release|x86.ActiveCfg = Release|Win32
		{53FCB697-98C8-4EBA-8DD3-D98E500E1507}.Release|x86.Build.0 = Release|Win32
	EndGlobalSection
	GlobalSection(SolutionProperties) = preSolution
		HideSolutionNode = FALSE
	EndGlobalSection
	GlobalSection(ExtensibilityGlobals) = postSolution
		SolutionGuid = {5757F5FE-DA67-4925-929F-AB5CD3F49DCB}
	EndGlobalSection
EndGlobal
