
Microsoft Visual Studio Solution File, Format Version 12.00
# Visual Studio 15
VisualStudioVersion = 15.0.26730.8
MinimumVisualStudioVersion = 10.0.40219.1
Project("{8BC9CEB8-8B4A-11D0-8D11-00A0C91BC942}") = "括号匹配问题", "括号匹配问题\括号匹配问题.vcxproj", "{ACE80BCE-A7DA-4A3A-8B3F-018164C049A2}"
EndProject
Global
	GlobalSection(SolutionConfigurationPlatforms) = preSolution
		Debug|x64 = Debug|x64
		Debug|x86 = Debug|x86
		Release|x64 = Release|x64
		Release|x86 = Release|x86
	EndGlobalSection
	GlobalSection(ProjectConfigurationPlatforms) = postSolution
		{ACE80BCE-A7DA-4A3A-8B3F-018164C049A2}.Debug|x64.ActiveCfg = Debug|x64
		{ACE80BCE-A7DA-4A3A-8B3F-018164C049A2}.Debug|x64.Build.0 = Debug|x64
		{ACE80BCE-A7DA-4A3A-8B3F-018164C049A2}.Debug|x86.ActiveCfg = Debug|Win32
		{ACE80BCE-A7DA-4A3A-8B3F-018164C049A2}.Debug|x86.Build.0 = Debug|Win32
		{ACE80BCE-A7DA-4A3A-8B3F-018164C049A2}.Release|x64.ActiveCfg = Release|x64
		{ACE80BCE-A7DA-4A3A-8B3F-018164C049A2}.Release|x64.Build.0 = Release|x64
		{ACE80BCE-A7DA-4A3A-8B3F-018164C049A2}.Release|x86.ActiveCfg = Release|Win32
		{ACE80BCE-A7DA-4A3A-8B3F-018164C049A2}.Release|x86.Build.0 = Release|Win32
	EndGlobalSection
	GlobalSection(SolutionProperties) = preSolution
		HideSolutionNode = FALSE
	EndGlobalSection
	GlobalSection(ExtensibilityGlobals) = postSolution
		SolutionGuid = {AA14F094-9D5C-469F-A92F-FC61F40EE07B}
	EndGlobalSection
EndGlobal
